// !$*UTF8*$!
{
	archiveVersion = 1;
	classes = {
	};
	objectVersion = 46;
	objects = {

/* Begin PBXBuildFile section */
		1C0ED8B31D55201E003FD509 /* AppDelegate.swift in Sources */ = {isa = PBXBuildFile; fileRef = 1C0ED8B21D55201E003FD509 /* AppDelegate.swift */; };
		1C0ED8B51D55201E003FD509 /* CustomViewController.swift in Sources */ = {isa = PBXBuildFile; fileRef = 1C0ED8B41D55201E003FD509 /* CustomViewController.swift */; };
		1C0ED8B81D55201E003FD509 /* Main.storyboard in Resources */ = {isa = PBXBuildFile; fileRef = 1C0ED8B61D55201E003FD509 /* Main.storyboard */; };
		1C0ED8BD1D55201E003FD509 /* Assets.xcassets in Resources */ = {isa = PBXBuildFile; fileRef = 1C0ED8BC1D55201E003FD509 /* Assets.xcassets */; };
		1C0ED8C01D55201E003FD509 /* LaunchScreen.storyboard in Resources */ = {isa = PBXBuildFile; fileRef = 1C0ED8BE1D55201E003FD509 /* LaunchScreen.storyboard */; };
		1C0ED8C91D5520C4003FD509 /* Realm.framework in Frameworks */ = {isa = PBXBuildFile; fileRef = 1C0ED8C71D5520C4003FD509 /* Realm.framework */; };
		1C0ED8CA1D5520C4003FD509 /* Realm.framework in Embed Frameworks */ = {isa = PBXBuildFile; fileRef = 1C0ED8C71D5520C4003FD509 /* Realm.framework */; settings = {ATTRIBUTES = (CodeSignOnCopy, RemoveHeadersOnCopy, ); }; };
		1C0ED8CB1D5520C4003FD509 /* RealmSwift.framework in Frameworks */ = {isa = PBXBuildFile; fileRef = 1C0ED8C81D5520C4003FD509 /* RealmSwift.framework */; };
		1C0ED8CC1D5520C4003FD509 /* RealmSwift.framework in Embed Frameworks */ = {isa = PBXBuildFile; fileRef = 1C0ED8C81D5520C4003FD509 /* RealmSwift.framework */; settings = {ATTRIBUTES = (CodeSignOnCopy, RemoveHeadersOnCopy, ); }; };
/* End PBXBuildFile section */

/* Begin PBXCopyFilesBuildPhase section */
		1C0ED8CD1D5520C4003FD509 /* Embed Frameworks */ = {
			isa = PBXCopyFilesBuildPhase;
			buildActionMask = 2147483647;
			dstPath = "";
			dstSubfolderSpec = 10;
			files = (
				1C0ED8CC1D5520C4003FD509 /* RealmSwift.framework in Embed Frameworks */,
				1C0ED8CA1D5520C4003FD509 /* Realm.framework in Embed Frameworks */,
			);
			name = "Embed Frameworks";
			runOnlyForDeploymentPostprocessing = 0;
		};
/* End PBXCopyFilesBuildPhase section */

/* Begin PBXFileReference section */
		1C0ED8AF1D55201E003FD509 /* TestMoving.app */ = {isa = PBXFileReference; explicitFileType = wrapper.application; includeInIndex = 0; path = TestMoving.app; sourceTree = BUILT_PRODUCTS_DIR; };
		1C0ED8B21D55201E003FD509 /* AppDelegate.swift */ = {isa = PBXFileReference; lastKnownFileType = sourcecode.swift; path = AppDelegate.swift; sourceTree = "<group>"; };
		1C0ED8B41D55201E003FD509 /* CustomViewController.swift */ = {isa = PBXFileReference; lastKnownFileType = sourcecode.swift; path = CustomViewController.swift; sourceTree = "<group>"; };
		1C0ED8B71D55201E003FD509 /* Base */ = {isa = PBXFileReference; lastKnownFileType = file.storyboard; name = Base; path = Base.lproj/Main.storyboard; sourceTree = "<group>"; };
		1C0ED8BC1D55201E003FD509 /* Assets.xcassets */ = {isa = PBXFileReference; lastKnownFileType = folder.assetcatalog; path = Assets.xcassets; sourceTree = "<group>"; };
		1C0ED8BF1D55201E003FD509 /* Base */ = {isa = PBXFileReference; lastKnownFileType = file.storyboard; name = Base; path = Base.lproj/LaunchScreen.storyboard; sourceTree = "<group>"; };
		1C0ED8C11D55201E003FD509 /* Info.plist */ = {isa = PBXFileReference; lastKnownFileType = text.plist.xml; path = Info.plist; sourceTree = "<group>"; };
		1C0ED8C71D5520C4003FD509 /* Realm.framework */ = {isa = PBXFileReference; lastKnownFileType = wrapper.framework; path = Realm.framework; sourceTree = "<group>"; };
		1C0ED8C81D5520C4003FD509 /* RealmSwift.framework */ = {isa = PBXFileReference; lastKnownFileType = wrapper.framework; path = RealmSwift.framework; sourceTree = "<group>"; };
/* End PBXFileReference section */

/* Begin PBXFrameworksBuildPhase section */
		1C0ED8AC1D55201E003FD509 /* Frameworks */ = {
			isa = PBXFrameworksBuildPhase;
			buildActionMask = 2147483647;
			files = (
				1C0ED8CB1D5520C4003FD509 /* RealmSwift.framework in Frameworks */,
				1C0ED8C91D5520C4003FD509 /* Realm.framework in Frameworks */,
			);
			runOnlyForDeploymentPostprocessing = 0;
		};
/* End PBXFrameworksBuildPhase section */

/* Begin PBXGroup section */
		1C0ED8A61D55201E003FD509 = {
			isa = PBXGroup;
			children = (
				1C0ED8C71D5520C4003FD509 /* Realm.framework */,
				1C0ED8C81D5520C4003FD509 /* RealmSwift.framework */,
				1C0ED8B11D55201E003FD509 /* TestMoving */,
				1C0ED8B01D55201E003FD509 /* Products */,
			);
			sourceTree = "<group>";
		};
		1C0ED8B01D55201E003FD509 /* Products */ = {
			isa = PBXGroup;
			children = (
				1C0ED8AF1D55201E003FD509 /* TestMoving.app */,
			);
			name = Products;
			sourceTree = "<group>";
		};
		1C0ED8B11D55201E003FD509 /* TestMoving */ = {
			isa = PBXGroup;
			children = (
				1C0ED8B21D55201E003FD509 /* AppDelegate.swift */,
				1C0ED8B41D55201E003FD509 /* CustomViewController.swift */,
				1C0ED8B61D55201E003FD509 /* Main.storyboard */,
				1C0ED8BC1D55201E003FD509 /* Assets.xcassets */,
				1C0ED8BE1D55201E003FD509 /* LaunchScreen.storyboard */,
				1C0ED8C11D55201E003FD509 /* Info.plist */,
			);
			path = TestMoving;
			sourceTree = "<group>";
		};
/* End PBXGroup section */

/* Begin PBXNativeTarget section */
		1C0ED8AE1D55201E003FD509 /* TestMoving */ = {
			isa = PBXNativeTarget;
			buildConfigurationList = 1C0ED8C41D55201E003FD509 /* Build configuration list for PBXNativeTarget "TestMoving" */;
			buildPhases = (
				1C0ED8AB1D55201E003FD509 /* Sources */,
				1C0ED8AC1D55201E003FD509 /* Frameworks */,
				1C0ED8AD1D55201E003FD509 /* Resources */,
				1C0ED8CD1D5520C4003FD509 /* Embed Frameworks */,
			);
			buildRules = (
			);
			dependencies = (
			);
			name = TestMoving;
			productName = TestMoving;
			productReference = 1C0ED8AF1D55201E003FD509 /* TestMoving.app */;
			productType = "com.apple.product-type.application";
		};
/* End PBXNativeTarget section */

/* Begin PBXProject section */
		1C0ED8A71D55201E003FD509 /* Project object */ = {
			isa = PBXProject;
			attributes = {
				LastSwiftUpdateCheck = 0730;
				LastUpgradeCheck = 0730;
				ORGANIZATIONNAME = "Taco Kind";
				TargetAttributes = {
					1C0ED8AE1D55201E003FD509 = {
						CreatedOnToolsVersion = 7.3.1;
					};
				};
			};
			buildConfigurationList = 1C0ED8AA1D55201E003FD509 /* Build configuration list for PBXProject "TestMoving" */;
			compatibilityVersion = "Xcode 3.2";
			developmentRegion = English;
			hasScannedForEncodings = 0;
			knownRegions = (
				en,
				Base,
			);
			mainGroup = 1C0ED8A61D55201E003FD509;
			productRefGroup = 1C0ED8B01D55201E003FD509 /* Products */;
			projectDirPath = "";
			projectRoot = "";
			targets = (
				1C0ED8AE1D55201E003FD509 /* TestMoving */,
			);
		};
/* End PBXProject section */

/* Begin PBXResourcesBuildPhase section */
		1C0ED8AD1D55201E003FD509 /* Resources */ = {
			isa = PBXResourcesBuildPhase;
			buildActionMask = 2147483647;
			files = (
				1C0ED8C01D55201E003FD509 /* LaunchScreen.storyboard in Resources */,
				1C0ED8BD1D55201E003FD509 /* Assets.xcassets in Resources */,
				1C0ED8B81D55201E003FD509 /* Main.storyboard in Resources */,
			);
			runOnlyForDeploymentPostprocessing = 0;
		};
/* End PBXResourcesBuildPhase section */

/* Begin PBXSourcesBuildPhase section */
		1C0ED8AB1D55201E003FD509 /* Sources */ = {
			isa = PBXSourcesBuildPhase;
			buildActionMask = 2147483647;
			files = (
				1C0ED8B51D55201E003FD509 /* CustomViewController.swift in Sources */,
				1C0ED8B31D55201E003FD509 /* AppDelegate.swift in Sources */,
			);
			runOnlyForDeploymentPostprocessing = 0;
		};
/* End PBXSourcesBuildPhase section */

/* Begin PBXVariantGroup section */
		1C0ED8B61D55201E003FD509 /* Main.storyboard */ = {
			isa = PBXVariantGroup;
			children = (
				1C0ED8B71D55201E003FD509 /* Base */,
			);
			name = Main.storyboard;
			sourceTree = "<group>";
		};
		1C0ED8BE1D55201E003FD509 /* LaunchScreen.storyboard */ = {
			isa = PBXVariantGroup;
			children = (
				1C0ED8BF1D55201E003FD509 /* Base */,
			);
			name = LaunchScreen.storyboard;
			sourceTree = "<group>";
		};
/* End PBXVariantGroup section */

/* Begin XCBuildConfiguration section */
		1C0ED8C21D55201E003FD509 /* Debug */ = {
			isa = XCBuildConfiguration;
			buildSettings = {
				ALWAYS_SEARCH_USER_PATHS = NO;
				CLANG_ANALYZER_NONNULL = YES;
				CLANG_CXX_LANGUAGE_STANDARD = "gnu++0x";
				CLANG_CXX_LIBRARY = "libc++";
				CLANG_ENABLE_MODULES = YES;
				CLANG_ENABLE_OBJC_ARC = YES;
				CLANG_WARN_BOOL_CONVERSION = YES;
				CLANG_WARN_CONSTANT_CONVERSION = YES;
				CLANG_WARN_DIRECT_OBJC_ISA_USAGE = YES_ERROR;
				CLANG_WARN_EMPTY_BODY = YES;
				CLANG_WARN_ENUM_CONVERSION = YES;
				CLANG_WARN_INT_CONVERSION = YES;
				CLANG_WARN_OBJC_ROOT_CLASS = YES_ERROR;
				CLANG_WARN_UNREACHABLE_CODE = YES;
				CLANG_WARN__DUPLICATE_METHOD_MATCH = YES;
				"CODE_SIGN_IDENTITY[sdk=iphoneos*]" = "iPhone Developer";
				COPY_PHASE_STRIP = NO;
				DEBUG_INFORMATION_FORMAT = dwarf;
				ENABLE_STRICT_OBJC_MSGSEND = YES;
				ENABLE_TESTABILITY = YES;
				GCC_C_LANGUAGE_STANDARD = gnu99;
				GCC_DYNAMIC_NO_PIC = NO;
				GCC_NO_COMMON_BLOCKS = YES;
				GCC_OPTIMIZATION_LEVEL = 0;
				GCC_PREPROCESSOR_DEFINITIONS = (
					"DEBUG=1",
					"$(inherited)",
				);
				GCC_WARN_64_TO_32_BIT_CONVERSION = YES;
				GCC_WARN_ABOUT_RETURN_TYPE = YES_ERROR;
				GCC_WARN_UNDECLARED_SELECTOR = YES;
				GCC_WARN_UNINITIALIZED_AUTOS = YES_AGGRESSIVE;
				GCC_WARN_UNUSED_FUNCTION = YES;
				GCC_WARN_UNUSED_VARIABLE = YES;
				IPHONEOS_DEPLOYMENT_TARGET = 9.3;
				MTL_ENABLE_DEBUG_INFO = YES;
				ONLY_ACTIVE_ARCH = YES;
				SDKROOT = iphoneos;
				SWIFT_OPTIMIZATION_LEVEL = "-Onone";
				TARGETED_DEVICE_FAMILY = "1,2";
			};
			name = Debug;
		};
		1C0ED8C31D55201E003FD509 /* Release */ = {
			isa = XCBuildConfiguration;
			buildSettings = {
				ALWAYS_SEARCH_USER_PATHS = NO;
				CLANG_ANALYZER_NONNULL = YES;
				CLANG_CXX_LANGUAGE_STANDARD = "gnu++0x";
				CLANG_CXX_LIBRARY = "libc++";
				CLANG_ENABLE_MODULES = YES;
				CLANG_ENABLE_OBJC_ARC = YES;
				CLANG_WARN_BOOL_CONVERSION = YES;
				CLANG_WARN_CONSTANT_CONVERSION = YES;
				CLANG_WARN_DIRECT_OBJC_ISA_USAGE = YES_ERROR;
				CLANG_WARN_EMPTY_BODY = YES;
				CLANG_WARN_ENUM_CONVERSION = YES;
				CLANG_WARN_INT_CONVERSION = YES;
				CLANG_WARN_OBJC_ROOT_CLASS = YES_ERROR;
				CLANG_WARN_UNREACHABLE_CODE = YES;
				CLANG_WARN__DUPLICATE_METHOD_MATCH = YES;
				"CODE_SIGN_IDENTITY[sdk=iphoneos*]" = "iPhone Developer";
				COPY_PHASE_STRIP = NO;
				DEBUG_INFORMATION_FORMAT = "dwarf-with-dsym";
				ENABLE_NS_ASSERTIONS = NO;
				ENABLE_STRICT_OBJC_MSGSEND = YES;
				GCC_C_LANGUAGE_STANDARD = gnu99;
				GCC_NO_COMMON_BLOCKS = YES;
				GCC_WARN_64_TO_32_BIT_CONVERSION = YES;
				GCC_WARN_ABOUT_RETURN_TYPE = YES_ERROR;
				GCC_WARN_UNDECLARED_SELECTOR = YES;
				GCC_WARN_UNINITIALIZED_AUTOS = YES_AGGRESSIVE;
				GCC_WARN_UNUSED_FUNCTION = YES;
				GCC_WARN_UNUSED_VARIABLE = YES;
				IPHONEOS_DEPLOYMENT_TARGET = 9.3;
				MTL_ENABLE_DEBUG_INFO = NO;
				SDKROOT = iphoneos;
				TARGETED_DEVICE_FAMILY = "1,2";
				VALIDATE_PRODUCT = YES;
			};
			name = Release;
		};
		1C0ED8C51D55201E003FD509 /* Debug */ = {
			isa = XCBuildConfiguration;
			buildSettings = {
				ASSETCATALOG_COMPILER_APPICON_NAME = AppIcon;
				FRAMEWORK_SEARCH_PATHS = (
					"$(inherited)",
					"$(PROJECT_DIR)",
				);
				INFOPLIST_FILE = TestMoving/Info.plist;
				LD_RUNPATH_SEARCH_PATHS = "$(inherited) @executable_path/Frameworks";
				PRODUCT_BUNDLE_IDENTIFIER = Test.TestMoving;
				PRODUCT_NAME = "$(TARGET_NAME)";
			};
			name = Debug;
		};
		1C0ED8C61D55201E003FD509 /* Release */ = {
			isa = XCBuildConfiguration;
			buildSettings = {
				ASSETCATALOG_COMPILER_APPICON_NAME = AppIcon;
				FRAMEWORK_SEARCH_PATHS = (
					"$(inherited)",
					"$(PROJECT_DIR)",
				);
				INFOPLIST_FILE = TestMoving/Info.plist;
				LD_RUNPATH_SEARCH_PATHS = "$(inherited) @executable_path/Frameworks";
				PRODUCT_BUNDLE_IDENTIFIER = Test.TestMoving;
				PRODUCT_NAME = "$(TARGET_NAME)";
			};
			name = Release;
		};
/* End XCBuildConfiguration section */

/* Begin XCConfigurationList section */
		1C0ED8AA1D55201E003FD509 /* Build configuration list for PBXProject "TestMoving" */ = {
			isa = XCConfigurationList;
			buildConfigurations = (
				1C0ED8C21D55201E003FD509 /* Debug */,
				1C0ED8C31D55201E003FD509 /* Release */,
			);
			defaultConfigurationIsVisible = 0;
			defaultConfigurationName = Release;
		};
		1C0ED8C41D55201E003FD509 /* Build configuration list for PBXNativeTarget "TestMoving" */ = {
			isa = XCConfigurationList;
			buildConfigurations = (
				1C0ED8C51D55201E003FD509 /* Debug */,
				1C0ED8C61D55201E003FD509 /* Release */,
			);
			defaultConfigurationIsVisible = 0;
			defaultConfigurationName = Release;
		};
/* End XCConfigurationList section */
	};
	rootObject = 1C0ED8A71D55201E003FD509 /* Project object */;
}
